
Microsoft Visual Studio Solution File, Format Version 12.00
# Visual Studio Version 16
VisualStudioVersion = 16.0.31624.102
MinimumVisualStudioVersion = 10.0.40219.1
Project("{9A19103F-16F7-4668-BE54-9A1E7A4F7556}") = "Authentication.Lib", "Authentication.Lib\Authentication.Lib.csproj", "{42281ADB-1BFB-46A8-B2E1-98BCD5223C07}"
EndProject
Global
	GlobalSection(SolutionConfigurationPlatforms) = preSolution
		Debug|Any CPU = Debug|Any CPU
		Debug|ARM64 = Debug|ARM64
		Debug|x64 = Debug|x64
		Debug|x86 = Debug|x86
		Release|Any CPU = Release|Any CPU
		Release|ARM64 = Release|ARM64
		Release|x64 = Release|x64
		Release|x86 = Release|x86
	EndGlobalSection
	GlobalSection(ProjectConfigurationPlatforms) = postSolution
		{42281ADB-1BFB-46A8-B2E1-98BCD5223C07}.Debug|Any CPU.ActiveCfg = Debug|Any CPU
		{42281ADB-1BFB-46A8-B2E1-98BCD5223C07}.Debug|Any CPU.Build.0 = Debug|Any CPU
		{42281ADB-1BFB-46A8-B2E1-98BCD5223C07}.Debug|ARM64.ActiveCfg = Debug|ARM64
		{42281ADB-1BFB-46A8-B2E1-98BCD5223C07}.Debug|ARM64.Build.0 = Debug|ARM64
		{42281ADB-1BFB-46A8-B2E1-98BCD5223C07}.Debug|x64.ActiveCfg = Debug|x64
		{42281ADB-1BFB-46A8-B2E1-98BCD5223C07}.Debug|x64.Build.0 = Debug|x64
		{42281ADB-1BFB-46A8-B2E1-98BCD5223C07}.Debug|x86.ActiveCfg = Debug|x86
		{42281ADB-1BFB-46A8-B2E1-98BCD5223C07}.Debug|x86.Build.0 = Debug|x86
		{42281ADB-1BFB-46A8-B2E1-98BCD5223C07}.Release|Any CPU.ActiveCfg = Release|Any CPU
		{42281ADB-1BFB-46A8-B2E1-98BCD5223C07}.Release|Any CPU.Build.0 = Release|Any CPU
		{42281ADB-1BFB-46A8-B2E1-98BCD5223C07}.Release|ARM64.ActiveCfg = Release|ARM64
		{42281ADB-1BFB-46A8-B2E1-98BCD5223C07}.Release|ARM64.Build.0 = Release|ARM64
		{42281ADB-1BFB-46A8-B2E1-98BCD5223C07}.Release|x64.ActiveCfg = Debug|x64
		{42281ADB-1BFB-46A8-B2E1-98BCD5223C07}.Release|x64.Build.0 = Debug|x64
		{42281ADB-1BFB-46A8-B2E1-98BCD5223C07}.Release|x86.ActiveCfg = Release|x86
		{42281ADB-1BFB-46A8-B2E1-98BCD5223C07}.Release|x86.Build.0 = Release|x86
	EndGlobalSection
	GlobalSection(SolutionProperties) = preSolution
		HideSolutionNode = FALSE
	EndGlobalSection
	GlobalSection(ExtensibilityGlobals) = postSolution
		SolutionGuid = {0C2F6D63-C7F1-405A-BFA2-8DD7312098E8}
	EndGlobalSection
EndGlobal
